// !$*UTF8*$!
{
	archiveVersion = 1;
	classes = {
	};
	objectVersion = 46;
	objects = {

/* Begin PBXBuildFile section */
		840D8E711E5F6DA300308792 /* AppDelegate.swift in Sources */ = {isa = PBXBuildFile; fileRef = 840D8E701E5F6DA300308792 /* AppDelegate.swift */; };
		840D8E731E5F6DA300308792 /* ViewController.swift in Sources */ = {isa = PBXBuildFile; fileRef = 840D8E721E5F6DA300308792 /* ViewController.swift */; };
		840D8E761E5F6DA300308792 /* Main.storyboard in Resources */ = {isa = PBXBuildFile; fileRef = 840D8E741E5F6DA300308792 /* Main.storyboard */; };
		840D8E781E5F6DA300308792 /* Assets.xcassets in Resources */ = {isa = PBXBuildFile; fileRef = 840D8E771E5F6DA300308792 /* Assets.xcassets */; };
		840D8E7B1E5F6DA300308792 /* LaunchScreen.storyboard in Resources */ = {isa = PBXBuildFile; fileRef = 840D8E791E5F6DA300308792 /* LaunchScreen.storyboard */; };
		840D8E861E5F6DA300308792 /* TraumaAppTests.swift in Sources */ = {isa = PBXBuildFile; fileRef = 840D8E851E5F6DA300308792 /* TraumaAppTests.swift */; };
		840D8E911E5F6DA300308792 /* TraumaAppUITests.swift in Sources */ = {isa = PBXBuildFile; fileRef = 840D8E901E5F6DA300308792 /* TraumaAppUITests.swift */; };
/* End PBXBuildFile section */

/* Begin PBXContainerItemProxy section */
		840D8E821E5F6DA300308792 /* PBXContainerItemProxy */ = {
			isa = PBXContainerItemProxy;
			containerPortal = 840D8E651E5F6DA300308792 /* Project object */;
			proxyType = 1;
			remoteGlobalIDString = 840D8E6C1E5F6DA300308792;
			remoteInfo = TraumaApp;
		};
		840D8E8D1E5F6DA300308792 /* PBXContainerItemProxy */ = {
			isa = PBXContainerItemProxy;
			containerPortal = 840D8E651E5F6DA300308792 /* Project object */;
			proxyType = 1;
			remoteGlobalIDString = 840D8E6C1E5F6DA300308792;
			remoteInfo = TraumaApp;
		};
/* End PBXContainerItemProxy section */

/* Begin PBXFileReference section */
		840D8E6D1E5F6DA300308792 /* TraumaApp.app */ = {isa = PBXFileReference; explicitFileType = wrapper.application; includeInIndex = 0; path = TraumaApp.app; sourceTree = BUILT_PRODUCTS_DIR; };
		840D8E701E5F6DA300308792 /* AppDelegate.swift */ = {isa = PBXFileReference; lastKnownFileType = sourcecode.swift; path = AppDelegate.swift; sourceTree = "<group>"; };
		840D8E721E5F6DA300308792 /* ViewController.swift */ = {isa = PBXFileReference; lastKnownFileType = sourcecode.swift; path = ViewController.swift; sourceTree = "<group>"; };
		840D8E751E5F6DA300308792 /* Base */ = {isa = PBXFileReference; lastKnownFileType = file.storyboard; name = Base; path = Base.lproj/Main.storyboard; sourceTree = "<group>"; };
		840D8E771E5F6DA300308792 /* Assets.xcassets */ = {isa = PBXFileReference; lastKnownFileType = folder.assetcatalog; path = Assets.xcassets; sourceTree = "<group>"; };
		840D8E7A1E5F6DA300308792 /* Base */ = {isa = PBXFileReference; lastKnownFileType = file.storyboard; name = Base; path = Base.lproj/LaunchScreen.storyboard; sourceTree = "<group>"; };
		840D8E7C1E5F6DA300308792 /* Info.plist */ = {isa = PBXFileReference; lastKnownFileType = text.plist.xml; path = Info.plist; sourceTree = "<group>"; };
		840D8E811E5F6DA300308792 /* TraumaAppTests.xctest */ = {isa = PBXFileReference; explicitFileType = wrapper.cfbundle; includeInIndex = 0; path = TraumaAppTests.xctest; sourceTree = BUILT_PRODUCTS_DIR; };
		840D8E851E5F6DA300308792 /* TraumaAppTests.swift */ = {isa = PBXFileReference; lastKnownFileType = sourcecode.swift; path = TraumaAppTests.swift; sourceTree = "<group>"; };
		840D8E871E5F6DA300308792 /* Info.plist */ = {isa = PBXFileReference; lastKnownFileType = text.plist.xml; path = Info.plist; sourceTree = "<group>"; };
		840D8E8C1E5F6DA300308792 /* TraumaAppUITests.xctest */ = {isa = PBXFileReference; explicitFileType = wrapper.cfbundle; includeInIndex = 0; path = TraumaAppUITests.xctest; sourceTree = BUILT_PRODUCTS_DIR; };
		840D8E901E5F6DA300308792 /* TraumaAppUITests.swift */ = {isa = PBXFileReference; lastKnownFileType = sourcecode.swift; path = TraumaAppUITests.swift; sourceTree = "<group>"; };
		840D8E921E5F6DA300308792 /* Info.plist */ = {isa = PBXFileReference; lastKnownFileType = text.plist.xml; path = Info.plist; sourceTree = "<group>"; };
/* End PBXFileReference section */

/* Begin PBXFrameworksBuildPhase section */
		840D8E6A1E5F6DA300308792 /* Frameworks */ = {
			isa = PBXFrameworksBuildPhase;
			buildActionMask = 2147483647;
			files = (
			);
			runOnlyForDeploymentPostprocessing = 0;
		};
		840D8E7E1E5F6DA300308792 /* Frameworks */ = {
			isa = PBXFrameworksBuildPhase;
			buildActionMask = 2147483647;
			files = (
			);
			runOnlyForDeploymentPostprocessing = 0;
		};
		840D8E891E5F6DA300308792 /* Frameworks */ = {
			isa = PBXFrameworksBuildPhase;
			buildActionMask = 2147483647;
			files = (
			);
			runOnlyForDeploymentPostprocessing = 0;
		};
/* End PBXFrameworksBuildPhase section */

/* Begin PBXGroup section */
		840D8E641E5F6DA300308792 = {
			isa = PBXGroup;
			children = (
				840D8E6F1E5F6DA300308792 /* TraumaApp */,
				840D8E841E5F6DA300308792 /* TraumaAppTests */,
				840D8E8F1E5F6DA300308792 /* TraumaAppUITests */,
				840D8E6E1E5F6DA300308792 /* Products */,
			);
			sourceTree = "<group>";
		};
		840D8E6E1E5F6DA300308792 /* Products */ = {
			isa = PBXGroup;
			children = (
				840D8E6D1E5F6DA300308792 /* TraumaApp.app */,
				840D8E811E5F6DA300308792 /* TraumaAppTests.xctest */,
				840D8E8C1E5F6DA300308792 /* TraumaAppUITests.xctest */,
			);
			name = Products;
			sourceTree = "<group>";
		};
		840D8E6F1E5F6DA300308792 /* TraumaApp */ = {
			isa = PBXGroup;
			children = (
				840D8E701E5F6DA300308792 /* AppDelegate.swift */,
				840D8E721E5F6DA300308792 /* ViewController.swift */,
				840D8E741E5F6DA300308792 /* Main.storyboard */,
				840D8E771E5F6DA300308792 /* Assets.xcassets */,
				840D8E791E5F6DA300308792 /* LaunchScreen.storyboard */,
				840D8E7C1E5F6DA300308792 /* Info.plist */,
			);
			path = TraumaApp;
			sourceTree = "<group>";
		};
		840D8E841E5F6DA300308792 /* TraumaAppTests */ = {
			isa = PBXGroup;
			children = (
				840D8E851E5F6DA300308792 /* TraumaAppTests.swift */,
				840D8E871E5F6DA300308792 /* Info.plist */,
			);
			path = TraumaAppTests;
			sourceTree = "<group>";
		};
		840D8E8F1E5F6DA300308792 /* TraumaAppUITests */ = {
			isa = PBXGroup;
			children = (
				840D8E901E5F6DA300308792 /* TraumaAppUITests.swift */,
				840D8E921E5F6DA300308792 /* Info.plist */,
			);
			path = TraumaAppUITests;
			sourceTree = "<group>";
		};
/* End PBXGroup section */

/* Begin PBXNativeTarget section */
		840D8E6C1E5F6DA300308792 /* TraumaApp */ = {
			isa = PBXNativeTarget;
			buildConfigurationList = 840D8E951E5F6DA300308792 /* Build configuration list for PBXNativeTarget "TraumaApp" */;
			buildPhases = (
				840D8E691E5F6DA300308792 /* Sources */,
				840D8E6A1E5F6DA300308792 /* Frameworks */,
				840D8E6B1E5F6DA300308792 /* Resources */,
			);
			buildRules = (
			);
			dependencies = (
			);
			name = TraumaApp;
			productName = TraumaApp;
			productReference = 840D8E6D1E5F6DA300308792 /* TraumaApp.app */;
			productType = "com.apple.product-type.application";
		};
		840D8E801E5F6DA300308792 /* TraumaAppTests */ = {
			isa = PBXNativeTarget;
			buildConfigurationList = 840D8E981E5F6DA300308792 /* Build configuration list for PBXNativeTarget "TraumaAppTests" */;
			buildPhases = (
				840D8E7D1E5F6DA300308792 /* Sources */,
				840D8E7E1E5F6DA300308792 /* Frameworks */,
				840D8E7F1E5F6DA300308792 /* Resources */,
			);
			buildRules = (
			);
			dependencies = (
				840D8E831E5F6DA300308792 /* PBXTargetDependency */,
			);
			name = TraumaAppTests;
			productName = TraumaAppTests;
			productReference = 840D8E811E5F6DA300308792 /* TraumaAppTests.xctest */;
			productType = "com.apple.product-type.bundle.unit-test";
		};
		840D8E8B1E5F6DA300308792 /* TraumaAppUITests */ = {
			isa = PBXNativeTarget;
			buildConfigurationList = 840D8E9B1E5F6DA300308792 /* Build configuration list for PBXNativeTarget "TraumaAppUITests" */;
			buildPhases = (
				840D8E881E5F6DA300308792 /* Sources */,
				840D8E891E5F6DA300308792 /* Frameworks */,
				840D8E8A1E5F6DA300308792 /* Resources */,
			);
			buildRules = (
			);
			dependencies = (
				840D8E8E1E5F6DA300308792 /* PBXTargetDependency */,
			);
			name = TraumaAppUITests;
			productName = TraumaAppUITests;
			productReference = 840D8E8C1E5F6DA300308792 /* TraumaAppUITests.xctest */;
			productType = "com.apple.product-type.bundle.ui-testing";
		};
/* End PBXNativeTarget section */

/* Begin PBXProject section */
		840D8E651E5F6DA300308792 /* Project object */ = {
			isa = PBXProject;
			attributes = {
				LastSwiftUpdateCheck = 0820;
				LastUpgradeCheck = 0820;
				ORGANIZATIONNAME = "UF Mobile Health Lab";
				TargetAttributes = {
					840D8E6C1E5F6DA300308792 = {
						CreatedOnToolsVersion = 8.2;
						ProvisioningStyle = Automatic;
					};
					840D8E801E5F6DA300308792 = {
						CreatedOnToolsVersion = 8.2;
						ProvisioningStyle = Automatic;
						TestTargetID = 840D8E6C1E5F6DA300308792;
					};
					840D8E8B1E5F6DA300308792 = {
						CreatedOnToolsVersion = 8.2;
						ProvisioningStyle = Automatic;
						TestTargetID = 840D8E6C1E5F6DA300308792;
					};
				};
			};
			buildConfigurationList = 840D8E681E5F6DA300308792 /* Build configuration list for PBXProject "TraumaApp" */;
			compatibilityVersion = "Xcode 3.2";
			developmentRegion = English;
			hasScannedForEncodings = 0;
			knownRegions = (
				en,
				Base,
			);
			mainGroup = 840D8E641E5F6DA300308792;
			productRefGroup = 840D8E6E1E5F6DA300308792 /* Products */;
			projectDirPath = "";
			projectRoot = "";
			targets = (
				840D8E6C1E5F6DA300308792 /* TraumaApp */,
				840D8E801E5F6DA300308792 /* TraumaAppTests */,
				840D8E8B1E5F6DA300308792 /* TraumaAppUITests */,
			);
		};
/* End PBXProject section */

/* Begin PBXResourcesBuildPhase section */
		840D8E6B1E5F6DA300308792 /* Resources */ = {
			isa = PBXResourcesBuildPhase;
			buildActionMask = 2147483647;
			files = (
				840D8E7B1E5F6DA300308792 /* LaunchScreen.storyboard in Resources */,
				840D8E781E5F6DA300308792 /* Assets.xcassets in Resources */,
				840D8E761E5F6DA300308792 /* Main.storyboard in Resources */,
			);
			runOnlyForDeploymentPostprocessing = 0;
		};
		840D8E7F1E5F6DA300308792 /* Resources */ = {
			isa = PBXResourcesBuildPhase;
			buildActionMask = 2147483647;
			files = (
			);
			runOnlyForDeploymentPostprocessing = 0;
		};
		840D8E8A1E5F6DA300308792 /* Resources */ = {
			isa = PBXResourcesBuildPhase;
			buildActionMask = 2147483647;
			files = (
			);
			runOnlyForDeploymentPostprocessing = 0;
		};
/* End PBXResourcesBuildPhase section */

/* Begin PBXSourcesBuildPhase section */
		840D8E691E5F6DA300308792 /* Sources */ = {
			isa = PBXSourcesBuildPhase;
			buildActionMask = 2147483647;
			files = (
				840D8E731E5F6DA300308792 /* ViewController.swift in Sources */,
				840D8E711E5F6DA300308792 /* AppDelegate.swift in Sources */,
			);
			runOnlyForDeploymentPostprocessing = 0;
		};
		840D8E7D1E5F6DA300308792 /* Sources */ = {
			isa = PBXSourcesBuildPhase;
			buildActionMask = 2147483647;
			files = (
				840D8E861E5F6DA300308792 /* TraumaAppTests.swift in Sources */,
			);
			runOnlyForDeploymentPostprocessing = 0;
		};
		840D8E881E5F6DA300308792 /* Sources */ = {
			isa = PBXSourcesBuildPhase;
			buildActionMask = 2147483647;
			files = (
				840D8E911E5F6DA300308792 /* TraumaAppUITests.swift in Sources */,
			);
			runOnlyForDeploymentPostprocessing = 0;
		};
/* End PBXSourcesBuildPhase section */

/* Begin PBXTargetDependency section */
		840D8E831E5F6DA300308792 /* PBXTargetDependency */ = {
			isa = PBXTargetDependency;
			target = 840D8E6C1E5F6DA300308792 /* TraumaApp */;
			targetProxy = 840D8E821E5F6DA300308792 /* PBXContainerItemProxy */;
		};
		840D8E8E1E5F6DA300308792 /* PBXTargetDependency */ = {
			isa = PBXTargetDependency;
			target = 840D8E6C1E5F6DA300308792 /* TraumaApp */;
			targetProxy = 840D8E8D1E5F6DA300308792 /* PBXContainerItemProxy */;
		};
/* End PBXTargetDependency section */

/* Begin PBXVariantGroup section */
		840D8E741E5F6DA300308792 /* Main.storyboard */ = {
			isa = PBXVariantGroup;
			children = (
				840D8E751E5F6DA300308792 /* Base */,
			);
			name = Main.storyboard;
			sourceTree = "<group>";
		};
		840D8E791E5F6DA300308792 /* LaunchScreen.storyboard */ = {
			isa = PBXVariantGroup;
			children = (
				840D8E7A1E5F6DA300308792 /* Base */,
			);
			name = LaunchScreen.storyboard;
			sourceTree = "<group>";
		};
/* End PBXVariantGroup section */

/* Begin XCBuildConfiguration section */
		840D8E931E5F6DA300308792 /* Debug */ = {
			isa = XCBuildConfiguration;
			buildSettings = {
				ALWAYS_SEARCH_USER_PATHS = NO;
				CLANG_ANALYZER_NONNULL = YES;
				CLANG_CXX_LANGUAGE_STANDARD = "gnu++0x";
				CLANG_CXX_LIBRARY = "libc++";
				CLANG_ENABLE_MODULES = YES;
				CLANG_ENABLE_OBJC_ARC = YES;
				CLANG_WARN_BOOL_CONVERSION = YES;
				CLANG_WARN_CONSTANT_CONVERSION = YES;
				CLANG_WARN_DIRECT_OBJC_ISA_USAGE = YES_ERROR;
				CLANG_WARN_DOCUMENTATION_COMMENTS = YES;
				CLANG_WARN_EMPTY_BODY = YES;
				CLANG_WARN_ENUM_CONVERSION = YES;
				CLANG_WARN_INFINITE_RECURSION = YES;
				CLANG_WARN_INT_CONVERSION = YES;
				CLANG_WARN_OBJC_ROOT_CLASS = YES_ERROR;
				CLANG_WARN_SUSPICIOUS_MOVE = YES;
				CLANG_WARN_UNREACHABLE_CODE = YES;
				CLANG_WARN__DUPLICATE_METHOD_MATCH = YES;
				"CODE_SIGN_IDENTITY[sdk=iphoneos*]" = "iPhone Developer";
				COPY_PHASE_STRIP = NO;
				DEBUG_INFORMATION_FORMAT = dwarf;
				ENABLE_STRICT_OBJC_MSGSEND = YES;
				ENABLE_TESTABILITY = YES;
				GCC_C_LANGUAGE_STANDARD = gnu99;
				GCC_DYNAMIC_NO_PIC = NO;
				GCC_NO_COMMON_BLOCKS = YES;
				GCC_OPTIMIZATION_LEVEL = 0;
				GCC_PREPROCESSOR_DEFINITIONS = (
					"DEBUG=1",
					"$(inherited)",
				);
				GCC_WARN_64_TO_32_BIT_CONVERSION = YES;
				GCC_WARN_ABOUT_RETURN_TYPE = YES_ERROR;
				GCC_WARN_UNDECLARED_SELECTOR = YES;
				GCC_WARN_UNINITIALIZED_AUTOS = YES_AGGRESSIVE;
				GCC_WARN_UNUSED_FUNCTION = YES;
				GCC_WARN_UNUSED_VARIABLE = YES;
				IPHONEOS_DEPLOYMENT_TARGET = 10.2;
				MTL_ENABLE_DEBUG_INFO = YES;
				ONLY_ACTIVE_ARCH = YES;
				SDKROOT = iphoneos;
				SWIFT_ACTIVE_COMPILATION_CONDITIONS = DEBUG;
				SWIFT_OPTIMIZATION_LEVEL = "-Onone";
				TARGETED_DEVICE_FAMILY = "1,2";
			};
			name = Debug;
		};
		840D8E941E5F6DA300308792 /* Release */ = {
			isa = XCBuildConfiguration;
			buildSettings = {
				ALWAYS_SEARCH_USER_PATHS = NO;
				CLANG_ANALYZER_NONNULL = YES;
				CLANG_CXX_LANGUAGE_STANDARD = "gnu++0x";
				CLANG_CXX_LIBRARY = "libc++";
				CLANG_ENABLE_MODULES = YES;
				CLANG_ENABLE_OBJC_ARC = YES;
				CLANG_WARN_BOOL_CONVERSION = YES;
				CLANG_WARN_CONSTANT_CONVERSION = YES;
				CLANG_WARN_DIRECT_OBJC_ISA_USAGE = YES_ERROR;
				CLANG_WARN_DOCUMENTATION_COMMENTS = YES;
				CLANG_WARN_EMPTY_BODY = YES;
				CLANG_WARN_ENUM_CONVERSION = YES;
				CLANG_WARN_INFINITE_RECURSION = YES;
				CLANG_WARN_INT_CONVERSION = YES;
				CLANG_WARN_OBJC_ROOT_CLASS = YES_ERROR;
				CLANG_WARN_SUSPICIOUS_MOVE = YES;
				CLANG_WARN_UNREACHABLE_CODE = YES;
				CLANG_WARN__DUPLICATE_METHOD_MATCH = YES;
				"CODE_SIGN_IDENTITY[sdk=iphoneos*]" = "iPhone Developer";
				COPY_PHASE_STRIP = NO;
				DEBUG_INFORMATION_FORMAT = "dwarf-with-dsym";
				ENABLE_NS_ASSERTIONS = NO;
				ENABLE_STRICT_OBJC_MSGSEND = YES;
				GCC_C_LANGUAGE_STANDARD = gnu99;
				GCC_NO_COMMON_BLOCKS = YES;
				GCC_WARN_64_TO_32_BIT_CONVERSION = YES;
				GCC_WARN_ABOUT_RETURN_TYPE = YES_ERROR;
				GCC_WARN_UNDECLARED_SELECTOR = YES;
				GCC_WARN_UNINITIALIZED_AUTOS = YES_AGGRESSIVE;
				GCC_WARN_UNUSED_FUNCTION = YES;
				GCC_WARN_UNUSED_VARIABLE = YES;
				IPHONEOS_DEPLOYMENT_TARGET = 10.2;
				MTL_ENABLE_DEBUG_INFO = NO;
				SDKROOT = iphoneos;
				SWIFT_OPTIMIZATION_LEVEL = "-Owholemodule";
				TARGETED_DEVICE_FAMILY = "1,2";
				VALIDATE_PRODUCT = YES;
			};
			name = Release;
		};
		840D8E961E5F6DA300308792 /* Debug */ = {
			isa = XCBuildConfiguration;
			buildSettings = {
				ASSETCATALOG_COMPILER_APPICON_NAME = AppIcon;
				INFOPLIST_FILE = TraumaApp/Info.plist;
				LD_RUNPATH_SEARCH_PATHS = "$(inherited) @executable_path/Frameworks";
				PRODUCT_BUNDLE_IDENTIFIER = mHealth.TraumaApp;
				PRODUCT_NAME = "$(TARGET_NAME)";
				SWIFT_VERSION = 3.0;
			};
			name = Debug;
		};
		840D8E971E5F6DA300308792 /* Release */ = {
			isa = XCBuildConfiguration;
			buildSettings = {
				ASSETCATALOG_COMPILER_APPICON_NAME = AppIcon;
				INFOPLIST_FILE = TraumaApp/Info.plist;
				LD_RUNPATH_SEARCH_PATHS = "$(inherited) @executable_path/Frameworks";
				PRODUCT_BUNDLE_IDENTIFIER = mHealth.TraumaApp;
				PRODUCT_NAME = "$(TARGET_NAME)";
				SWIFT_VERSION = 3.0;
			};
			name = Release;
		};
		840D8E991E5F6DA300308792 /* Debug */ = {
			isa = XCBuildConfiguration;
			buildSettings = {
				ALWAYS_EMBED_SWIFT_STANDARD_LIBRARIES = YES;
				BUNDLE_LOADER = "$(TEST_HOST)";
				INFOPLIST_FILE = TraumaAppTests/Info.plist;
				LD_RUNPATH_SEARCH_PATHS = "$(inherited) @executable_path/Frameworks @loader_path/Frameworks";
				PRODUCT_BUNDLE_IDENTIFIER = mHealth.TraumaAppTests;
				PRODUCT_NAME = "$(TARGET_NAME)";
				SWIFT_VERSION = 3.0;
				TEST_HOST = "$(BUILT_PRODUCTS_DIR)/TraumaApp.app/TraumaApp";
			};
			name = Debug;
		};
		840D8E9A1E5F6DA300308792 /* Release */ = {
			isa = XCBuildConfiguration;
			buildSettings = {
				ALWAYS_EMBED_SWIFT_STANDARD_LIBRARIES = YES;
				BUNDLE_LOADER = "$(TEST_HOST)";
				INFOPLIST_FILE = TraumaAppTests/Info.plist;
				LD_RUNPATH_SEARCH_PATHS = "$(inherited) @executable_path/Frameworks @loader_path/Frameworks";
				PRODUCT_BUNDLE_IDENTIFIER = mHealth.TraumaAppTests;
				PRODUCT_NAME = "$(TARGET_NAME)";
				SWIFT_VERSION = 3.0;
				TEST_HOST = "$(BUILT_PRODUCTS_DIR)/TraumaApp.app/TraumaApp";
			};
			name = Release;
		};
		840D8E9C1E5F6DA300308792 /* Debug */ = {
			isa = XCBuildConfiguration;
			buildSettings = {
				ALWAYS_EMBED_SWIFT_STANDARD_LIBRARIES = YES;
				INFOPLIST_FILE = TraumaAppUITests/Info.plist;
				LD_RUNPATH_SEARCH_PATHS = "$(inherited) @executable_path/Frameworks @loader_path/Frameworks";
				PRODUCT_BUNDLE_IDENTIFIER = mHealth.TraumaAppUITests;
				PRODUCT_NAME = "$(TARGET_NAME)";
				SWIFT_VERSION = 3.0;
				TEST_TARGET_NAME = TraumaApp;
			};
			name = Debug;
		};
		840D8E9D1E5F6DA300308792 /* Release */ = {
			isa = XCBuildConfiguration;
			buildSettings = {
				ALWAYS_EMBED_SWIFT_STANDARD_LIBRARIES = YES;
				INFOPLIST_FILE = TraumaAppUITests/Info.plist;
				LD_RUNPATH_SEARCH_PATHS = "$(inherited) @executable_path/Frameworks @loader_path/Frameworks";
				PRODUCT_BUNDLE_IDENTIFIER = mHealth.TraumaAppUITests;
				PRODUCT_NAME = "$(TARGET_NAME)";
				SWIFT_VERSION = 3.0;
				TEST_TARGET_NAME = TraumaApp;
			};
			name = Release;
		};
/* End XCBuildConfiguration section */

/* Begin XCConfigurationList section */
		840D8E681E5F6DA300308792 /* Build configuration list for PBXProject "TraumaApp" */ = {
			isa = XCConfigurationList;
			buildConfigurations = (
				840D8E931E5F6DA300308792 /* Debug */,
				840D8E941E5F6DA300308792 /* Release */,
			);
			defaultConfigurationIsVisible = 0;
			defaultConfigurationName = Release;
		};
		840D8E951E5F6DA300308792 /* Build configuration list for PBXNativeTarget "TraumaApp" */ = {
			isa = XCConfigurationList;
			buildConfigurations = (
				840D8E961E5F6DA300308792 /* Debug */,
				840D8E971E5F6DA300308792 /* Release */,
			);
			defaultConfigurationIsVisible = 0;
		};
		840D8E981E5F6DA300308792 /* Build configuration list for PBXNativeTarget "TraumaAppTests" */ = {
			isa = XCConfigurationList;
			buildConfigurations = (
				840D8E991E5F6DA300308792 /* Debug */,
				840D8E9A1E5F6DA300308792 /* Release */,
			);
			defaultConfigurationIsVisible = 0;
		};
		840D8E9B1E5F6DA300308792 /* Build configuration list for PBXNativeTarget "TraumaAppUITests" */ = {
			isa = XCConfigurationList;
			buildConfigurations = (
				840D8E9C1E5F6DA300308792 /* Debug */,
				840D8E9D1E5F6DA300308792 /* Release */,
			);
			defaultConfigurationIsVisible = 0;
		};
/* End XCConfigurationList section */
	};
	rootObject = 840D8E651E5F6DA300308792 /* Project object */;
}
